github.com/go-telegram-bot-api/telegram-bot-api/v5 v5.5.1 h1:wG8n/XJQ07TmjbITcGiUaOtXxdrINDz1b0J1w0SzqDc=
github.com/go-telegram-bot-api/telegram-bot-api/v5 v5.5.1/go.mod h1:A2S0CWkNylc2phvKXWBBdD3K0iGnDBGbzRpISP2zBl8=
github.com/lucasturci/SplitPixBot v0.0.0-20220104201524-04f99469fb5e h1:fPsWyeqAe1WbotH1jpSyArK9fdoq6dHZhhTPgRhubyQ=
github.com/lucasturci/SplitPixBot v0.0.0-20220104201524-04f99469fb5e/go.mod h1:/BkItCxtjGozbTZODhurjBUhW0OZVUANJEiJLlGbYtc=
